
Microsoft Visual Studio Solution File, Format Version 12.00
# Visual Studio Version 17
VisualStudioVersion = 17.9.34714.143
MinimumVisualStudioVersion = 10.0.40219.1
Project("{FAE04EC0-301F-11D3-BF4B-00C04F79EFBC}") = "Settings", "Settings\Settings.csproj", "{86B79768-A459-46CC-ABB4-892D64A5EE36}"
EndProject
Global
	GlobalSection(SolutionConfigurationPlatforms) = preSolution
		Debug|Any CPU = Debug|Any CPU
		Release|Any CPU = Release|Any CPU
	EndGlobalSection
	GlobalSection(ProjectConfigurationPlatforms) = postSolution
		{86B79768-A459-46CC-ABB4-892D64A5EE36}.Debug|Any CPU.ActiveCfg = Debug|Any CPU
		{86B79768-A459-46CC-ABB4-892D64A5EE36}.Debug|Any CPU.Build.0 = Debug|Any CPU
		{86B79768-A459-46CC-ABB4-892D64A5EE36}.Release|Any CPU.ActiveCfg = Release|Any CPU
		{86B79768-A459-46CC-ABB4-892D64A5EE36}.Release|Any CPU.Build.0 = Release|Any CPU
	EndGlobalSection
	GlobalSection(SolutionProperties) = preSolution
		HideSolutionNode = FALSE
	EndGlobalSection
	GlobalSection(ExtensibilityGlobals) = postSolution
		SolutionGuid = {72390CE7-257E-4DB2-8EDE-2FDEDC82FEFC}
	EndGlobalSection
EndGlobal
